{
  "version": 4,
  "terraform_version": "1.5.7",
  "serial": 53,
  "lineage": "f503c8a1-4364-2d37-49a7-97bba40fa70f",
  "outputs": {},
  "resources": [
    {
      "mode": "managed",
      "type": "google_storage_bucket",
      "name": "bdsmtools-test-ui",
      "provider": "provider[\"registry.terraform.io/hashicorp/google\"]",
      "instances": [
        {
          "schema_version": 1,
          "attributes": {
            "autoclass": [],
            "cors": [
              {
                "max_age_seconds": 3600,
                "method": [
                  "GET",
                  "HEAD",
                  "PUT",
                  "POST",
                  "DELETE"
                ],
                "origin": [
                  "http://test.bdsmtools.org"
                ],
                "response_header": [
                  "*"
                ]
              }
            ],
            "custom_placement_config": [],
            "default_event_based_hold": false,
            "effective_labels": {},
            "encryption": [],
            "force_destroy": true,
            "id": "test.bdsmtools.org",
            "labels": null,
            "lifecycle_rule": [],
            "location": "EUROPE-WEST2",
            "logging": [],
            "name": "test.bdsmtools.org",
            "project": "bdsm-tools",
            "public_access_prevention": "inherited",
            "requester_pays": false,
            "retention_policy": [],
            "self_link": "https://www.googleapis.com/storage/v1/b/test.bdsmtools.org",
            "storage_class": "STANDARD",
            "terraform_labels": {},
            "timeouts": null,
            "uniform_bucket_level_access": true,
            "url": "gs://test.bdsmtools.org",
            "versioning": [],
            "website": [
              {
                "main_page_suffix": "index.html",
                "not_found_page": "index.html"
              }
            ]
          },
          "sensitive_attributes": [],
          "private": "eyJlMmJmYjczMC1lY2FhLTExZTYtOGY4OC0zNDM2M2JjN2M0YzAiOnsiY3JlYXRlIjo2MDAwMDAwMDAwMDAsInJlYWQiOjI0MDAwMDAwMDAwMCwidXBkYXRlIjoyNDAwMDAwMDAwMDB9LCJzY2hlbWFfdmVyc2lvbiI6IjEifQ=="
        }
      ]
    },
    {
      "mode": "managed",
      "type": "google_storage_bucket",
      "name": "bdsmtools-ui",
      "provider": "provider[\"registry.terraform.io/hashicorp/google\"]",
      "instances": [
        {
          "schema_version": 1,
          "attributes": {
            "autoclass": [],
            "cors": [
              {
                "max_age_seconds": 3600,
                "method": [
                  "GET",
                  "HEAD",
                  "PUT",
                  "POST",
                  "DELETE"
                ],
                "origin": [
                  "http://www.bdsmtools.org"
                ],
                "response_header": [
                  "*"
                ]
              }
            ],
            "custom_placement_config": [],
            "default_event_based_hold": false,
            "effective_labels": {},
            "encryption": [],
            "force_destroy": true,
            "id": "www.bdsmtools.org",
            "labels": null,
            "lifecycle_rule": [],
            "location": "EUROPE-WEST2",
            "logging": [],
            "name": "www.bdsmtools.org",
            "project": "bdsm-tools",
            "public_access_prevention": "inherited",
            "requester_pays": false,
            "retention_policy": [],
            "self_link": "https://www.googleapis.com/storage/v1/b/www.bdsmtools.org",
            "storage_class": "STANDARD",
            "terraform_labels": {},
            "timeouts": null,
            "uniform_bucket_level_access": true,
            "url": "gs://www.bdsmtools.org",
            "versioning": [],
            "website": [
              {
                "main_page_suffix": "index.html",
                "not_found_page": "index.html"
              }
            ]
          },
          "sensitive_attributes": [],
          "private": "eyJlMmJmYjczMC1lY2FhLTExZTYtOGY4OC0zNDM2M2JjN2M0YzAiOnsiY3JlYXRlIjo2MDAwMDAwMDAwMDAsInJlYWQiOjI0MDAwMDAwMDAwMCwidXBkYXRlIjoyNDAwMDAwMDAwMDB9LCJzY2hlbWFfdmVyc2lvbiI6IjEifQ=="
        }
      ]
    },
    {
      "mode": "managed",
      "type": "google_storage_bucket_iam_binding",
      "name": "public_access",
      "provider": "provider[\"registry.terraform.io/hashicorp/google\"]",
      "instances": [
        {
          "schema_version": 0,
          "attributes": {
            "bucket": "b/www.bdsmtools.org",
            "condition": [],
            "etag": "CAI=",
            "id": "b/www.bdsmtools.org/roles/storage.objectViewer",
            "members": [
              "allUsers"
            ],
            "role": "roles/storage.objectViewer"
          },
          "sensitive_attributes": [],
          "private": "bnVsbA==",
          "dependencies": [
            "google_storage_bucket.bdsmtools-ui"
          ]
        }
      ]
    },
    {
      "mode": "managed",
      "type": "google_storage_bucket_iam_binding",
      "name": "public_access-test",
      "provider": "provider[\"registry.terraform.io/hashicorp/google\"]",
      "instances": [
        {
          "schema_version": 0,
          "attributes": {
            "bucket": "b/test.bdsmtools.org",
            "condition": [],
            "etag": "CAI=",
            "id": "b/test.bdsmtools.org/roles/storage.objectViewer",
            "members": [
              "allUsers"
            ],
            "role": "roles/storage.objectViewer"
          },
          "sensitive_attributes": [],
          "private": "bnVsbA==",
          "dependencies": [
            "google_storage_bucket.bdsmtools-test-ui"
          ]
        }
      ]
    }
  ],
  "check_results": null
}
